// !$*UTF8*$!
{
	archiveVersion = 1;
	classes = {
	};
	objectVersion = 50;
	objects = {

/* Begin PBXBuildFile section */
		BB373DA628EF261A00F270BC /* AppDelegate.swift in Sources */ = {isa = PBXBuildFile; fileRef = BB373DA528EF261A00F270BC /* AppDelegate.swift */; };
		BB373DA828EF261A00F270BC /* SceneDelegate.swift in Sources */ = {isa = PBXBuildFile; fileRef = BB373DA728EF261A00F270BC /* SceneDelegate.swift */; };
		BB373DAA28EF261A00F270BC /* BuyingViewController.swift in Sources */ = {isa = PBXBuildFile; fileRef = BB373DA928EF261A00F270BC /* BuyingViewController.swift */; };
		BB373DAD28EF261A00F270BC /* Main.storyboard in Resources */ = {isa = PBXBuildFile; fileRef = BB373DAB28EF261A00F270BC /* Main.storyboard */; };
		BB373DAF28EF261C00F270BC /* Assets.xcassets in Resources */ = {isa = PBXBuildFile; fileRef = BB373DAE28EF261C00F270BC /* Assets.xcassets */; };
		BB373DB228EF261D00F270BC /* LaunchScreen.storyboard in Resources */ = {isa = PBXBuildFile; fileRef = BB373DB028EF261D00F270BC /* LaunchScreen.storyboard */; };
		BB373DBF28EF492400F270BC /* ForYouViewController.swift in Sources */ = {isa = PBXBuildFile; fileRef = BB373DBE28EF492400F270BC /* ForYouViewController.swift */; };
		BB373DC228EF494300F270BC /* SearchViewController.swift in Sources */ = {isa = PBXBuildFile; fileRef = BB373DC128EF494300F270BC /* SearchViewController.swift */; };
		BB373DC528EF497A00F270BC /* BasketViewController.swift in Sources */ = {isa = PBXBuildFile; fileRef = BB373DC428EF497A00F270BC /* BasketViewController.swift */; };
		BB373DCB28EF4F7500F270BC /* StoreTabBarViewController.swift in Sources */ = {isa = PBXBuildFile; fileRef = BB373DCA28EF4F7500F270BC /* StoreTabBarViewController.swift */; };
		BB373DCF28EF5D1300F270BC /* Colors.xcassets in Resources */ = {isa = PBXBuildFile; fileRef = BB373DCE28EF5D1300F270BC /* Colors.xcassets */; };
		BB373DD428EF70C000F270BC /* UIView+Extension.swift in Sources */ = {isa = PBXBuildFile; fileRef = BB373DD328EF70C000F270BC /* UIView+Extension.swift */; };
		BB373DD728EF7C0300F270BC /* UIFont+Extension.swift in Sources */ = {isa = PBXBuildFile; fileRef = BB373DD628EF7C0300F270BC /* UIFont+Extension.swift */; };
		BB373DDA28EFA55800F270BC /* ProductViewController.swift in Sources */ = {isa = PBXBuildFile; fileRef = BB373DD928EFA55800F270BC /* ProductViewController.swift */; };
		BB373DDE28EFBFC500F270BC /* SearchViewController+Extension.swift in Sources */ = {isa = PBXBuildFile; fileRef = BB373DDD28EFBFC500F270BC /* SearchViewController+Extension.swift */; };
		BB492D6028F35515002ED7AE /* Product.swift in Sources */ = {isa = PBXBuildFile; fileRef = BB492D5F28F35515002ED7AE /* Product.swift */; };
		BBA8559628F574A8005EB910 /* AppleStoreVC+WkWebViewDelegate.swift in Sources */ = {isa = PBXBuildFile; fileRef = BBA8559528F574A8005EB910 /* AppleStoreVC+WkWebViewDelegate.swift */; };
		BBAC20E528F5832D005B39C8 /* AppleStoreViewController.swift in Sources */ = {isa = PBXBuildFile; fileRef = BBAC20E428F5832D005B39C8 /* AppleStoreViewController.swift */; };
		BBAC20EA28F5D2FC005B39C8 /* swift.pdf in Resources */ = {isa = PBXBuildFile; fileRef = BBAC20E928F5D2FC005B39C8 /* swift.pdf */; };
		BBAC20ED28F5D435005B39C8 /* SwiftPdfViewController.swift in Sources */ = {isa = PBXBuildFile; fileRef = BBAC20EC28F5D435005B39C8 /* SwiftPdfViewController.swift */; };
/* End PBXBuildFile section */

/* Begin PBXFileReference section */
		BB373DA228EF261A00F270BC /* appProject.app */ = {isa = PBXFileReference; explicitFileType = wrapper.application; includeInIndex = 0; path = appProject.app; sourceTree = BUILT_PRODUCTS_DIR; };
		BB373DA528EF261A00F270BC /* AppDelegate.swift */ = {isa = PBXFileReference; lastKnownFileType = sourcecode.swift; path = AppDelegate.swift; sourceTree = "<group>"; };
		BB373DA728EF261A00F270BC /* SceneDelegate.swift */ = {isa = PBXFileReference; lastKnownFileType = sourcecode.swift; path = SceneDelegate.swift; sourceTree = "<group>"; };
		BB373DA928EF261A00F270BC /* BuyingViewController.swift */ = {isa = PBXFileReference; lastKnownFileType = sourcecode.swift; path = BuyingViewController.swift; sourceTree = "<group>"; };
		BB373DAC28EF261A00F270BC /* Base */ = {isa = PBXFileReference; lastKnownFileType = file.storyboard; name = Base; path = Base.lproj/Main.storyboard; sourceTree = "<group>"; };
		BB373DAE28EF261C00F270BC /* Assets.xcassets */ = {isa = PBXFileReference; lastKnownFileType = folder.assetcatalog; path = Assets.xcassets; sourceTree = "<group>"; };
		BB373DB128EF261D00F270BC /* Base */ = {isa = PBXFileReference; lastKnownFileType = file.storyboard; name = Base; path = Base.lproj/LaunchScreen.storyboard; sourceTree = "<group>"; };
		BB373DB328EF261D00F270BC /* Info.plist */ = {isa = PBXFileReference; lastKnownFileType = text.plist.xml; path = Info.plist; sourceTree = "<group>"; };
		BB373DBE28EF492400F270BC /* ForYouViewController.swift */ = {isa = PBXFileReference; lastKnownFileType = sourcecode.swift; path = ForYouViewController.swift; sourceTree = "<group>"; };
		BB373DC128EF494300F270BC /* SearchViewController.swift */ = {isa = PBXFileReference; lastKnownFileType = sourcecode.swift; path = SearchViewController.swift; sourceTree = "<group>"; };
		BB373DC428EF497A00F270BC /* BasketViewController.swift */ = {isa = PBXFileReference; lastKnownFileType = sourcecode.swift; path = BasketViewController.swift; sourceTree = "<group>"; };
		BB373DCA28EF4F7500F270BC /* StoreTabBarViewController.swift */ = {isa = PBXFileReference; lastKnownFileType = sourcecode.swift; path = StoreTabBarViewController.swift; sourceTree = "<group>"; };
		BB373DCE28EF5D1300F270BC /* Colors.xcassets */ = {isa = PBXFileReference; lastKnownFileType = folder.assetcatalog; path = Colors.xcassets; sourceTree = "<group>"; };
		BB373DD328EF70C000F270BC /* UIView+Extension.swift */ = {isa = PBXFileReference; lastKnownFileType = sourcecode.swift; path = "UIView+Extension.swift"; sourceTree = "<group>"; };
		BB373DD628EF7C0300F270BC /* UIFont+Extension.swift */ = {isa = PBXFileReference; lastKnownFileType = sourcecode.swift; path = "UIFont+Extension.swift"; sourceTree = "<group>"; };
		BB373DD928EFA55800F270BC /* ProductViewController.swift */ = {isa = PBXFileReference; lastKnownFileType = sourcecode.swift; path = ProductViewController.swift; sourceTree = "<group>"; };
		BB373DDD28EFBFC500F270BC /* SearchViewController+Extension.swift */ = {isa = PBXFileReference; lastKnownFileType = sourcecode.swift; path = "SearchViewController+Extension.swift"; sourceTree = "<group>"; };
		BB492D5F28F35515002ED7AE /* Product.swift */ = {isa = PBXFileReference; lastKnownFileType = sourcecode.swift; path = Product.swift; sourceTree = "<group>"; };
		BBA8559528F574A8005EB910 /* AppleStoreVC+WkWebViewDelegate.swift */ = {isa = PBXFileReference; lastKnownFileType = sourcecode.swift; path = "AppleStoreVC+WkWebViewDelegate.swift"; sourceTree = "<group>"; };
		BBAC20E428F5832D005B39C8 /* AppleStoreViewController.swift */ = {isa = PBXFileReference; lastKnownFileType = sourcecode.swift; path = AppleStoreViewController.swift; sourceTree = "<group>"; };
		BBAC20E928F5D2FC005B39C8 /* swift.pdf */ = {isa = PBXFileReference; lastKnownFileType = image.pdf; path = swift.pdf; sourceTree = "<group>"; };
		BBAC20EC28F5D435005B39C8 /* SwiftPdfViewController.swift */ = {isa = PBXFileReference; lastKnownFileType = sourcecode.swift; path = SwiftPdfViewController.swift; sourceTree = "<group>"; };
/* End PBXFileReference section */

/* Begin PBXFrameworksBuildPhase section */
		BB373D9F28EF261A00F270BC /* Frameworks */ = {
			isa = PBXFrameworksBuildPhase;
			buildActionMask = 2147483647;
			files = (
			);
			runOnlyForDeploymentPostprocessing = 0;
		};
/* End PBXFrameworksBuildPhase section */

/* Begin PBXGroup section */
		BB373D9928EF261A00F270BC = {
			isa = PBXGroup;
			children = (
				BB373DA428EF261A00F270BC /* appProject */,
				BB373DA328EF261A00F270BC /* Products */,
			);
			sourceTree = "<group>";
		};
		BB373DA328EF261A00F270BC /* Products */ = {
			isa = PBXGroup;
			children = (
				BB373DA228EF261A00F270BC /* appProject.app */,
			);
			name = Products;
			sourceTree = "<group>";
		};
		BB373DA428EF261A00F270BC /* appProject */ = {
			isa = PBXGroup;
			children = (
				BBAC20E928F5D2FC005B39C8 /* swift.pdf */,
				BB373DA528EF261A00F270BC /* AppDelegate.swift */,
				BB373DA728EF261A00F270BC /* SceneDelegate.swift */,
				BB373DA928EF261A00F270BC /* BuyingViewController.swift */,
				BB373DBE28EF492400F270BC /* ForYouViewController.swift */,
				BB373DD228EF708100F270BC /* Extensions */,
				BB373DC428EF497A00F270BC /* BasketViewController.swift */,
				BBAC841728F6001400F18648 /* SearchScreen */,
				BB492D5F28F35515002ED7AE /* Product.swift */,
				BBAC841628F5FFDE00F18648 /* ProductScreen */,
				BB373DAB28EF261A00F270BC /* Main.storyboard */,
				BB373DCA28EF4F7500F270BC /* StoreTabBarViewController.swift */,
				BB373DCE28EF5D1300F270BC /* Colors.xcassets */,
				BB373DAE28EF261C00F270BC /* Assets.xcassets */,
				BB373DB028EF261D00F270BC /* LaunchScreen.storyboard */,
				BB373DB328EF261D00F270BC /* Info.plist */,
			);
			path = appProject;
			sourceTree = "<group>";
		};
		BB373DD228EF708100F270BC /* Extensions */ = {
			isa = PBXGroup;
			children = (
				BB373DD328EF70C000F270BC /* UIView+Extension.swift */,
				BB373DD628EF7C0300F270BC /* UIFont+Extension.swift */,
				BB373DDD28EFBFC500F270BC /* SearchViewController+Extension.swift */,
				BBA8559528F574A8005EB910 /* AppleStoreVC+WkWebViewDelegate.swift */,
			);
			path = Extensions;
			sourceTree = "<group>";
		};
		BBAC841628F5FFDE00F18648 /* ProductScreen */ = {
			isa = PBXGroup;
			children = (
				BBAC20E428F5832D005B39C8 /* AppleStoreViewController.swift */,
				BBAC20EC28F5D435005B39C8 /* SwiftPdfViewController.swift */,
				BB373DD928EFA55800F270BC /* ProductViewController.swift */,
			);
			path = ProductScreen;
			sourceTree = "<group>";
		};
		BBAC841728F6001400F18648 /* SearchScreen */ = {
			isa = PBXGroup;
			children = (
				BB373DC128EF494300F270BC /* SearchViewController.swift */,
			);
			path = SearchScreen;
			sourceTree = "<group>";
		};
/* End PBXGroup section */

/* Begin PBXNativeTarget section */
		BB373DA128EF261A00F270BC /* appProject */ = {
			isa = PBXNativeTarget;
			buildConfigurationList = BB373DB628EF261D00F270BC /* Build configuration list for PBXNativeTarget "appProject" */;
			buildPhases = (
				BB373DBA28EF472400F270BC /* SwiftLint */,
				BB373D9E28EF261A00F270BC /* Sources */,
				BB373D9F28EF261A00F270BC /* Frameworks */,
				BB373DA028EF261A00F270BC /* Resources */,
			);
			buildRules = (
			);
			dependencies = (
			);
			name = appProject;
			productName = appProject;
			productReference = BB373DA228EF261A00F270BC /* appProject.app */;
			productType = "com.apple.product-type.application";
		};
/* End PBXNativeTarget section */

/* Begin PBXProject section */
		BB373D9A28EF261A00F270BC /* Project object */ = {
			isa = PBXProject;
			attributes = {
				LastSwiftUpdateCheck = 1210;
				LastUpgradeCheck = 1210;
				TargetAttributes = {
					BB373DA128EF261A00F270BC = {
						CreatedOnToolsVersion = 12.1;
					};
				};
			};
			buildConfigurationList = BB373D9D28EF261A00F270BC /* Build configuration list for PBXProject "appProject" */;
			compatibilityVersion = "Xcode 9.3";
			developmentRegion = en;
			hasScannedForEncodings = 0;
			knownRegions = (
				en,
				Base,
			);
			mainGroup = BB373D9928EF261A00F270BC;
			productRefGroup = BB373DA328EF261A00F270BC /* Products */;
			projectDirPath = "";
			projectRoot = "";
			targets = (
				BB373DA128EF261A00F270BC /* appProject */,
			);
		};
/* End PBXProject section */

/* Begin PBXResourcesBuildPhase section */
		BB373DA028EF261A00F270BC /* Resources */ = {
			isa = PBXResourcesBuildPhase;
			buildActionMask = 2147483647;
			files = (
				BB373DB228EF261D00F270BC /* LaunchScreen.storyboard in Resources */,
				BB373DCF28EF5D1300F270BC /* Colors.xcassets in Resources */,
				BB373DAF28EF261C00F270BC /* Assets.xcassets in Resources */,
				BB373DAD28EF261A00F270BC /* Main.storyboard in Resources */,
				BBAC20EA28F5D2FC005B39C8 /* swift.pdf in Resources */,
			);
			runOnlyForDeploymentPostprocessing = 0;
		};
/* End PBXResourcesBuildPhase section */

/* Begin PBXShellScriptBuildPhase section */
		BB373DBA28EF472400F270BC /* SwiftLint */ = {
			isa = PBXShellScriptBuildPhase;
			buildActionMask = 2147483647;
			files = (
			);
			inputFileListPaths = (
			);
			inputPaths = (
			);
			name = SwiftLint;
			outputFileListPaths = (
			);
			outputPaths = (
			);
			runOnlyForDeploymentPostprocessing = 0;
			shellPath = /bin/sh;
			shellScript = "if which swiftlint >/dev/null; then\n  swiftlint\nelse\n  echo \"warning: SwiftLint not installed, download from https://github.com/realm/SwiftLint\"\nfi\n";
		};
/* End PBXShellScriptBuildPhase section */

/* Begin PBXSourcesBuildPhase section */
		BB373D9E28EF261A00F270BC /* Sources */ = {
			isa = PBXSourcesBuildPhase;
			buildActionMask = 2147483647;
			files = (
				BB373DC528EF497A00F270BC /* BasketViewController.swift in Sources */,
				BB373DCB28EF4F7500F270BC /* StoreTabBarViewController.swift in Sources */,
				BB373DD428EF70C000F270BC /* UIView+Extension.swift in Sources */,
				BBAC20E528F5832D005B39C8 /* AppleStoreViewController.swift in Sources */,
				BB373DDE28EFBFC500F270BC /* SearchViewController+Extension.swift in Sources */,
				BB373DC228EF494300F270BC /* SearchViewController.swift in Sources */,
				BBAC20ED28F5D435005B39C8 /* SwiftPdfViewController.swift in Sources */,
				BB492D6028F35515002ED7AE /* Product.swift in Sources */,
				BB373DBF28EF492400F270BC /* ForYouViewController.swift in Sources */,
				BB373DAA28EF261A00F270BC /* BuyingViewController.swift in Sources */,
				BB373DD728EF7C0300F270BC /* UIFont+Extension.swift in Sources */,
				BB373DA628EF261A00F270BC /* AppDelegate.swift in Sources */,
				BB373DDA28EFA55800F270BC /* ProductViewController.swift in Sources */,
				BB373DA828EF261A00F270BC /* SceneDelegate.swift in Sources */,
				BBA8559628F574A8005EB910 /* AppleStoreVC+WkWebViewDelegate.swift in Sources */,
			);
			runOnlyForDeploymentPostprocessing = 0;
		};
/* End PBXSourcesBuildPhase section */

/* Begin PBXVariantGroup section */
		BB373DAB28EF261A00F270BC /* Main.storyboard */ = {
			isa = PBXVariantGroup;
			children = (
				BB373DAC28EF261A00F270BC /* Base */,
			);
			name = Main.storyboard;
			sourceTree = "<group>";
		};
		BB373DB028EF261D00F270BC /* LaunchScreen.storyboard */ = {
			isa = PBXVariantGroup;
			children = (
				BB373DB128EF261D00F270BC /* Base */,
			);
			name = LaunchScreen.storyboard;
			sourceTree = "<group>";
		};
/* End PBXVariantGroup section */

/* Begin XCBuildConfiguration section */
		BB373DB428EF261D00F270BC /* Debug */ = {
			isa = XCBuildConfiguration;
			buildSettings = {
				ALWAYS_SEARCH_USER_PATHS = NO;
				CLANG_ANALYZER_NONNULL = YES;
				CLANG_ANALYZER_NUMBER_OBJECT_CONVERSION = YES_AGGRESSIVE;
				CLANG_CXX_LANGUAGE_STANDARD = "gnu++14";
				CLANG_CXX_LIBRARY = "libc++";
				CLANG_ENABLE_MODULES = YES;
				CLANG_ENABLE_OBJC_ARC = YES;
				CLANG_ENABLE_OBJC_WEAK = YES;
				CLANG_WARN_BLOCK_CAPTURE_AUTORELEASING = YES;
				CLANG_WARN_BOOL_CONVERSION = YES;
				CLANG_WARN_COMMA = YES;
				CLANG_WARN_CONSTANT_CONVERSION = YES;
				CLANG_WARN_DEPRECATED_OBJC_IMPLEMENTATIONS = YES;
				CLANG_WARN_DIRECT_OBJC_ISA_USAGE = YES_ERROR;
				CLANG_WARN_DOCUMENTATION_COMMENTS = YES;
				CLANG_WARN_EMPTY_BODY = YES;
				CLANG_WARN_ENUM_CONVERSION = YES;
				CLANG_WARN_INFINITE_RECURSION = YES;
				CLANG_WARN_INT_CONVERSION = YES;
				CLANG_WARN_NON_LITERAL_NULL_CONVERSION = YES;
				CLANG_WARN_OBJC_IMPLICIT_RETAIN_SELF = YES;
				CLANG_WARN_OBJC_LITERAL_CONVERSION = YES;
				CLANG_WARN_OBJC_ROOT_CLASS = YES_ERROR;
				CLANG_WARN_QUOTED_INCLUDE_IN_FRAMEWORK_HEADER = YES;
				CLANG_WARN_RANGE_LOOP_ANALYSIS = YES;
				CLANG_WARN_STRICT_PROTOTYPES = YES;
				CLANG_WARN_SUSPICIOUS_MOVE = YES;
				CLANG_WARN_UNGUARDED_AVAILABILITY = YES_AGGRESSIVE;
				CLANG_WARN_UNREACHABLE_CODE = YES;
				CLANG_WARN__DUPLICATE_METHOD_MATCH = YES;
				COPY_PHASE_STRIP = NO;
				DEBUG_INFORMATION_FORMAT = dwarf;
				ENABLE_STRICT_OBJC_MSGSEND = YES;
				ENABLE_TESTABILITY = YES;
				GCC_C_LANGUAGE_STANDARD = gnu11;
				GCC_DYNAMIC_NO_PIC = NO;
				GCC_NO_COMMON_BLOCKS = YES;
				GCC_OPTIMIZATION_LEVEL = 0;
				GCC_PREPROCESSOR_DEFINITIONS = (
					"DEBUG=1",
					"$(inherited)",
				);
				GCC_WARN_64_TO_32_BIT_CONVERSION = YES;
				GCC_WARN_ABOUT_RETURN_TYPE = YES_ERROR;
				GCC_WARN_UNDECLARED_SELECTOR = YES;
				GCC_WARN_UNINITIALIZED_AUTOS = YES_AGGRESSIVE;
				GCC_WARN_UNUSED_FUNCTION = YES;
				GCC_WARN_UNUSED_VARIABLE = YES;
				IPHONEOS_DEPLOYMENT_TARGET = 14.1;
				MTL_ENABLE_DEBUG_INFO = INCLUDE_SOURCE;
				MTL_FAST_MATH = YES;
				ONLY_ACTIVE_ARCH = YES;
				SDKROOT = iphoneos;
				SWIFT_ACTIVE_COMPILATION_CONDITIONS = DEBUG;
				SWIFT_OPTIMIZATION_LEVEL = "-Onone";
			};
			name = Debug;
		};
		BB373DB528EF261D00F270BC /* Release */ = {
			isa = XCBuildConfiguration;
			buildSettings = {
				ALWAYS_SEARCH_USER_PATHS = NO;
				CLANG_ANALYZER_NONNULL = YES;
				CLANG_ANALYZER_NUMBER_OBJECT_CONVERSION = YES_AGGRESSIVE;
				CLANG_CXX_LANGUAGE_STANDARD = "gnu++14";
				CLANG_CXX_LIBRARY = "libc++";
				CLANG_ENABLE_MODULES = YES;
				CLANG_ENABLE_OBJC_ARC = YES;
				CLANG_ENABLE_OBJC_WEAK = YES;
				CLANG_WARN_BLOCK_CAPTURE_AUTORELEASING = YES;
				CLANG_WARN_BOOL_CONVERSION = YES;
				CLANG_WARN_COMMA = YES;
				CLANG_WARN_CONSTANT_CONVERSION = YES;
				CLANG_WARN_DEPRECATED_OBJC_IMPLEMENTATIONS = YES;
				CLANG_WARN_DIRECT_OBJC_ISA_USAGE = YES_ERROR;
				CLANG_WARN_DOCUMENTATION_COMMENTS = YES;
				CLANG_WARN_EMPTY_BODY = YES;
				CLANG_WARN_ENUM_CONVERSION = YES;
				CLANG_WARN_INFINITE_RECURSION = YES;
				CLANG_WARN_INT_CONVERSION = YES;
				CLANG_WARN_NON_LITERAL_NULL_CONVERSION = YES;
				CLANG_WARN_OBJC_IMPLICIT_RETAIN_SELF = YES;
				CLANG_WARN_OBJC_LITERAL_CONVERSION = YES;
				CLANG_WARN_OBJC_ROOT_CLASS = YES_ERROR;
				CLANG_WARN_QUOTED_INCLUDE_IN_FRAMEWORK_HEADER = YES;
				CLANG_WARN_RANGE_LOOP_ANALYSIS = YES;
				CLANG_WARN_STRICT_PROTOTYPES = YES;
				CLANG_WARN_SUSPICIOUS_MOVE = YES;
				CLANG_WARN_UNGUARDED_AVAILABILITY = YES_AGGRESSIVE;
				CLANG_WARN_UNREACHABLE_CODE = YES;
				CLANG_WARN__DUPLICATE_METHOD_MATCH = YES;
				COPY_PHASE_STRIP = NO;
				DEBUG_INFORMATION_FORMAT = "dwarf-with-dsym";
				ENABLE_NS_ASSERTIONS = NO;
				ENABLE_STRICT_OBJC_MSGSEND = YES;
				GCC_C_LANGUAGE_STANDARD = gnu11;
				GCC_NO_COMMON_BLOCKS = YES;
				GCC_WARN_64_TO_32_BIT_CONVERSION = YES;
				GCC_WARN_ABOUT_RETURN_TYPE = YES_ERROR;
				GCC_WARN_UNDECLARED_SELECTOR = YES;
				GCC_WARN_UNINITIALIZED_AUTOS = YES_AGGRESSIVE;
				GCC_WARN_UNUSED_FUNCTION = YES;
				GCC_WARN_UNUSED_VARIABLE = YES;
				IPHONEOS_DEPLOYMENT_TARGET = 14.1;
				MTL_ENABLE_DEBUG_INFO = NO;
				MTL_FAST_MATH = YES;
				SDKROOT = iphoneos;
				SWIFT_COMPILATION_MODE = wholemodule;
				SWIFT_OPTIMIZATION_LEVEL = "-O";
				VALIDATE_PRODUCT = YES;
			};
			name = Release;
		};
		BB373DB728EF261D00F270BC /* Debug */ = {
			isa = XCBuildConfiguration;
			buildSettings = {
				ASSETCATALOG_COMPILER_APPICON_NAME = AppIcon;
				ASSETCATALOG_COMPILER_GLOBAL_ACCENT_COLOR_NAME = AccentColor;
				CODE_SIGN_STYLE = Automatic;
				DEVELOPMENT_TEAM = 6WW6D9N6J7;
				INFOPLIST_FILE = appProject/Info.plist;
				LD_RUNPATH_SEARCH_PATHS = (
					"$(inherited)",
					"@executable_path/Frameworks",
				);
				PRODUCT_BUNDLE_IDENTIFIER = "ru.koskin-val-mail.appProject";
				PRODUCT_NAME = "$(TARGET_NAME)";
				SWIFT_VERSION = 5.0;
				TARGETED_DEVICE_FAMILY = "1,2";
			};
			name = Debug;
		};
		BB373DB828EF261D00F270BC /* Release */ = {
			isa = XCBuildConfiguration;
			buildSettings = {
				ASSETCATALOG_COMPILER_APPICON_NAME = AppIcon;
				ASSETCATALOG_COMPILER_GLOBAL_ACCENT_COLOR_NAME = AccentColor;
				CODE_SIGN_STYLE = Automatic;
				DEVELOPMENT_TEAM = 6WW6D9N6J7;
				INFOPLIST_FILE = appProject/Info.plist;
				LD_RUNPATH_SEARCH_PATHS = (
					"$(inherited)",
					"@executable_path/Frameworks",
				);
				PRODUCT_BUNDLE_IDENTIFIER = "ru.koskin-val-mail.appProject";
				PRODUCT_NAME = "$(TARGET_NAME)";
				SWIFT_VERSION = 5.0;
				TARGETED_DEVICE_FAMILY = "1,2";
			};
			name = Release;
		};
/* End XCBuildConfiguration section */

/* Begin XCConfigurationList section */
		BB373D9D28EF261A00F270BC /* Build configuration list for PBXProject "appProject" */ = {
			isa = XCConfigurationList;
			buildConfigurations = (
				BB373DB428EF261D00F270BC /* Debug */,
				BB373DB528EF261D00F270BC /* Release */,
			);
			defaultConfigurationIsVisible = 0;
			defaultConfigurationName = Release;
		};
		BB373DB628EF261D00F270BC /* Build configuration list for PBXNativeTarget "appProject" */ = {
			isa = XCConfigurationList;
			buildConfigurations = (
				BB373DB728EF261D00F270BC /* Debug */,
				BB373DB828EF261D00F270BC /* Release */,
			);
			defaultConfigurationIsVisible = 0;
			defaultConfigurationName = Release;
		};
/* End XCConfigurationList section */
	};
	rootObject = BB373D9A28EF261A00F270BC /* Project object */;
}
